// !$*UTF8*$!
{
	archiveVersion = 1;
	classes = {
	};
	objectVersion = 46;
	objects = {

/* Begin PBXBuildFile section */
		5EE561A7198EE90D00D33E2B /* Foundation.framework in Frameworks */ = {isa = PBXBuildFile; fileRef = 5EE561A6198EE90D00D33E2B /* Foundation.framework */; };
		5EE561A9198EE90D00D33E2B /* CoreGraphics.framework in Frameworks */ = {isa = PBXBuildFile; fileRef = 5EE561A8198EE90D00D33E2B /* CoreGraphics.framework */; };
		5EE561AB198EE90D00D33E2B /* UIKit.framework in Frameworks */ = {isa = PBXBuildFile; fileRef = 5EE561AA198EE90D00D33E2B /* UIKit.framework */; };
		5EE561B1198EE90D00D33E2B /* InfoPlist.strings in Resources */ = {isa = PBXBuildFile; fileRef = 5EE561AF198EE90D00D33E2B /* InfoPlist.strings */; };
		5EE561B3198EE90D00D33E2B /* main.m in Sources */ = {isa = PBXBuildFile; fileRef = 5EE561B2198EE90D00D33E2B /* main.m */; };
		5EE561B7198EE90D00D33E2B /* GTAAppDelegate.m in Sources */ = {isa = PBXBuildFile; fileRef = 5EE561B6198EE90D00D33E2B /* GTAAppDelegate.m */; };
		5EE561BA198EE90D00D33E2B /* Main.storyboard in Resources */ = {isa = PBXBuildFile; fileRef = 5EE561B8198EE90D00D33E2B /* Main.storyboard */; };
		5EE561BD198EE90D00D33E2B /* GTAViewController.m in Sources */ = {isa = PBXBuildFile; fileRef = 5EE561BC198EE90D00D33E2B /* GTAViewController.m */; };
		5EE561BF198EE90D00D33E2B /* Images.xcassets in Resources */ = {isa = PBXBuildFile; fileRef = 5EE561BE198EE90D00D33E2B /* Images.xcassets */; };
		5EE561C6198EE90D00D33E2B /* XCTest.framework in Frameworks */ = {isa = PBXBuildFile; fileRef = 5EE561C5198EE90D00D33E2B /* XCTest.framework */; };
		5EE561C7198EE90E00D33E2B /* Foundation.framework in Frameworks */ = {isa = PBXBuildFile; fileRef = 5EE561A6198EE90D00D33E2B /* Foundation.framework */; };
		5EE561C8198EE90E00D33E2B /* UIKit.framework in Frameworks */ = {isa = PBXBuildFile; fileRef = 5EE561AA198EE90D00D33E2B /* UIKit.framework */; };
		5EE561D0198EE90E00D33E2B /* InfoPlist.strings in Resources */ = {isa = PBXBuildFile; fileRef = 5EE561CE198EE90E00D33E2B /* InfoPlist.strings */; };
		5EE561D2198EE90E00D33E2B /* GuessTheArtistTests.m in Sources */ = {isa = PBXBuildFile; fileRef = 5EE561D1198EE90E00D33E2B /* GuessTheArtistTests.m */; };
/* End PBXBuildFile section */

/* Begin PBXContainerItemProxy section */
		5EE561C9198EE90E00D33E2B /* PBXContainerItemProxy */ = {
			isa = PBXContainerItemProxy;
			containerPortal = 5EE5619B198EE90D00D33E2B /* Project object */;
			proxyType = 1;
			remoteGlobalIDString = 5EE561A2198EE90D00D33E2B;
			remoteInfo = GuessTheArtist;
		};
/* End PBXContainerItemProxy section */

/* Begin PBXFileReference section */
		5EE561A3198EE90D00D33E2B /* GuessTheArtist.app */ = {isa = PBXFileReference; explicitFileType = wrapper.application; includeInIndex = 0; path = GuessTheArtist.app; sourceTree = BUILT_PRODUCTS_DIR; };
		5EE561A6198EE90D00D33E2B /* Foundation.framework */ = {isa = PBXFileReference; lastKnownFileType = wrapper.framework; name = Foundation.framework; path = System/Library/Frameworks/Foundation.framework; sourceTree = SDKROOT; };
		5EE561A8198EE90D00D33E2B /* CoreGraphics.framework */ = {isa = PBXFileReference; lastKnownFileType = wrapper.framework; name = CoreGraphics.framework; path = System/Library/Frameworks/CoreGraphics.framework; sourceTree = SDKROOT; };
		5EE561AA198EE90D00D33E2B /* UIKit.framework */ = {isa = PBXFileReference; lastKnownFileType = wrapper.framework; name = UIKit.framework; path = System/Library/Frameworks/UIKit.framework; sourceTree = SDKROOT; };
		5EE561AE198EE90D00D33E2B /* GuessTheArtist-Info.plist */ = {isa = PBXFileReference; lastKnownFileType = text.plist.xml; path = "GuessTheArtist-Info.plist"; sourceTree = "<group>"; };
		5EE561B0198EE90D00D33E2B /* en */ = {isa = PBXFileReference; lastKnownFileType = text.plist.strings; name = en; path = en.lproj/InfoPlist.strings; sourceTree = "<group>"; };
		5EE561B2198EE90D00D33E2B /* main.m */ = {isa = PBXFileReference; lastKnownFileType = sourcecode.c.objc; path = main.m; sourceTree = "<group>"; };
		5EE561B4198EE90D00D33E2B /* GuessTheArtist-Prefix.pch */ = {isa = PBXFileReference; lastKnownFileType = sourcecode.c.h; path = "GuessTheArtist-Prefix.pch"; sourceTree = "<group>"; };
		5EE561B5198EE90D00D33E2B /* GTAAppDelegate.h */ = {isa = PBXFileReference; lastKnownFileType = sourcecode.c.h; path = GTAAppDelegate.h; sourceTree = "<group>"; };
		5EE561B6198EE90D00D33E2B /* GTAAppDelegate.m */ = {isa = PBXFileReference; lastKnownFileType = sourcecode.c.objc; path = GTAAppDelegate.m; sourceTree = "<group>"; };
		5EE561B9198EE90D00D33E2B /* Base */ = {isa = PBXFileReference; lastKnownFileType = file.storyboard; name = Base; path = Base.lproj/Main.storyboard; sourceTree = "<group>"; };
		5EE561BB198EE90D00D33E2B /* GTAViewController.h */ = {isa = PBXFileReference; lastKnownFileType = sourcecode.c.h; path = GTAViewController.h; sourceTree = "<group>"; };
		5EE561BC198EE90D00D33E2B /* GTAViewController.m */ = {isa = PBXFileReference; lastKnownFileType = sourcecode.c.objc; path = GTAViewController.m; sourceTree = "<group>"; };
		5EE561BE198EE90D00D33E2B /* Images.xcassets */ = {isa = PBXFileReference; lastKnownFileType = folder.assetcatalog; path = Images.xcassets; sourceTree = "<group>"; };
		5EE561C4198EE90D00D33E2B /* GuessTheArtistTests.xctest */ = {isa = PBXFileReference; explicitFileType = wrapper.cfbundle; includeInIndex = 0; path = GuessTheArtistTests.xctest; sourceTree = BUILT_PRODUCTS_DIR; };
		5EE561C5198EE90D00D33E2B /* XCTest.framework */ = {isa = PBXFileReference; lastKnownFileType = wrapper.framework; name = XCTest.framework; path = Library/Frameworks/XCTest.framework; sourceTree = DEVELOPER_DIR; };
		5EE561CD198EE90E00D33E2B /* GuessTheArtistTests-Info.plist */ = {isa = PBXFileReference; lastKnownFileType = text.plist.xml; path = "GuessTheArtistTests-Info.plist"; sourceTree = "<group>"; };
		5EE561CF198EE90E00D33E2B /* en */ = {isa = PBXFileReference; lastKnownFileType = text.plist.strings; name = en; path = en.lproj/InfoPlist.strings; sourceTree = "<group>"; };
		5EE561D1198EE90E00D33E2B /* GuessTheArtistTests.m */ = {isa = PBXFileReference; lastKnownFileType = sourcecode.c.objc; path = GuessTheArtistTests.m; sourceTree = "<group>"; };
/* End PBXFileReference section */

/* Begin PBXFrameworksBuildPhase section */
		5EE561A0198EE90D00D33E2B /* Frameworks */ = {
			isa = PBXFrameworksBuildPhase;
			buildActionMask = 2147483647;
			files = (
				5EE561A9198EE90D00D33E2B /* CoreGraphics.framework in Frameworks */,
				5EE561AB198EE90D00D33E2B /* UIKit.framework in Frameworks */,
				5EE561A7198EE90D00D33E2B /* Foundation.framework in Frameworks */,
			);
			runOnlyForDeploymentPostprocessing = 0;
		};
		5EE561C1198EE90D00D33E2B /* Frameworks */ = {
			isa = PBXFrameworksBuildPhase;
			buildActionMask = 2147483647;
			files = (
				5EE561C6198EE90D00D33E2B /* XCTest.framework in Frameworks */,
				5EE561C8198EE90E00D33E2B /* UIKit.framework in Frameworks */,
				5EE561C7198EE90E00D33E2B /* Foundation.framework in Frameworks */,
			);
			runOnlyForDeploymentPostprocessing = 0;
		};
/* End PBXFrameworksBuildPhase section */

/* Begin PBXGroup section */
		5EE5619A198EE90D00D33E2B = {
			isa = PBXGroup;
			children = (
				5EE561AC198EE90D00D33E2B /* GuessTheArtist */,
				5EE561CB198EE90E00D33E2B /* GuessTheArtistTests */,
				5EE561A5198EE90D00D33E2B /* Frameworks */,
				5EE561A4198EE90D00D33E2B /* Products */,
			);
			sourceTree = "<group>";
		};
		5EE561A4198EE90D00D33E2B /* Products */ = {
			isa = PBXGroup;
			children = (
				5EE561A3198EE90D00D33E2B /* GuessTheArtist.app */,
				5EE561C4198EE90D00D33E2B /* GuessTheArtistTests.xctest */,
			);
			name = Products;
			sourceTree = "<group>";
		};
		5EE561A5198EE90D00D33E2B /* Frameworks */ = {
			isa = PBXGroup;
			children = (
				5EE561A6198EE90D00D33E2B /* Foundation.framework */,
				5EE561A8198EE90D00D33E2B /* CoreGraphics.framework */,
				5EE561AA198EE90D00D33E2B /* UIKit.framework */,
				5EE561C5198EE90D00D33E2B /* XCTest.framework */,
			);
			name = Frameworks;
			sourceTree = "<group>";
		};
		5EE561AC198EE90D00D33E2B /* GuessTheArtist */ = {
			isa = PBXGroup;
			children = (
				5EE561B5198EE90D00D33E2B /* GTAAppDelegate.h */,
				5EE561B6198EE90D00D33E2B /* GTAAppDelegate.m */,
				5EE561B8198EE90D00D33E2B /* Main.storyboard */,
				5EE561BB198EE90D00D33E2B /* GTAViewController.h */,
				5EE561BC198EE90D00D33E2B /* GTAViewController.m */,
				5EE561BE198EE90D00D33E2B /* Images.xcassets */,
				5EE561AD198EE90D00D33E2B /* Supporting Files */,
			);
			path = GuessTheArtist;
			sourceTree = "<group>";
		};
		5EE561AD198EE90D00D33E2B /* Supporting Files */ = {
			isa = PBXGroup;
			children = (
				5EE561AE198EE90D00D33E2B /* GuessTheArtist-Info.plist */,
				5EE561AF198EE90D00D33E2B /* InfoPlist.strings */,
				5EE561B2198EE90D00D33E2B /* main.m */,
				5EE561B4198EE90D00D33E2B /* GuessTheArtist-Prefix.pch */,
			);
			name = "Supporting Files";
			sourceTree = "<group>";
		};
		5EE561CB198EE90E00D33E2B /* GuessTheArtistTests */ = {
			isa = PBXGroup;
			children = (
				5EE561D1198EE90E00D33E2B /* GuessTheArtistTests.m */,
				5EE561CC198EE90E00D33E2B /* Supporting Files */,
			);
			path = GuessTheArtistTests;
			sourceTree = "<group>";
		};
		5EE561CC198EE90E00D33E2B /* Supporting Files */ = {
			isa = PBXGroup;
			children = (
				5EE561CD198EE90E00D33E2B /* GuessTheArtistTests-Info.plist */,
				5EE561CE198EE90E00D33E2B /* InfoPlist.strings */,
			);
			name = "Supporting Files";
			sourceTree = "<group>";
		};
/* End PBXGroup section */

/* Begin PBXNativeTarget section */
		5EE561A2198EE90D00D33E2B /* GuessTheArtist */ = {
			isa = PBXNativeTarget;
			buildConfigurationList = 5EE561D5198EE90E00D33E2B /* Build configuration list for PBXNativeTarget "GuessTheArtist" */;
			buildPhases = (
				5EE5619F198EE90D00D33E2B /* Sources */,
				5EE561A0198EE90D00D33E2B /* Frameworks */,
				5EE561A1198EE90D00D33E2B /* Resources */,
			);
			buildRules = (
			);
			dependencies = (
			);
			name = GuessTheArtist;
			productName = GuessTheArtist;
			productReference = 5EE561A3198EE90D00D33E2B /* GuessTheArtist.app */;
			productType = "com.apple.product-type.application";
		};
		5EE561C3198EE90D00D33E2B /* GuessTheArtistTests */ = {
			isa = PBXNativeTarget;
			buildConfigurationList = 5EE561D8198EE90E00D33E2B /* Build configuration list for PBXNativeTarget "GuessTheArtistTests" */;
			buildPhases = (
				5EE561C0198EE90D00D33E2B /* Sources */,
				5EE561C1198EE90D00D33E2B /* Frameworks */,
				5EE561C2198EE90D00D33E2B /* Resources */,
			);
			buildRules = (
			);
			dependencies = (
				5EE561CA198EE90E00D33E2B /* PBXTargetDependency */,
			);
			name = GuessTheArtistTests;
			productName = GuessTheArtistTests;
			productReference = 5EE561C4198EE90D00D33E2B /* GuessTheArtistTests.xctest */;
			productType = "com.apple.product-type.bundle.unit-test";
		};
/* End PBXNativeTarget section */

/* Begin PBXProject section */
		5EE5619B198EE90D00D33E2B /* Project object */ = {
			isa = PBXProject;
			attributes = {
				CLASSPREFIX = GTA;
				LastUpgradeCheck = 0510;
				ORGANIZATIONNAME = "Georgiy Gulyaev";
				TargetAttributes = {
					5EE561C3198EE90D00D33E2B = {
						TestTargetID = 5EE561A2198EE90D00D33E2B;
					};
				};
			};
			buildConfigurationList = 5EE5619E198EE90D00D33E2B /* Build configuration list for PBXProject "GuessTheArtist" */;
			compatibilityVersion = "Xcode 3.2";
			developmentRegion = English;
			hasScannedForEncodings = 0;
			knownRegions = (
				en,
				Base,
			);
			mainGroup = 5EE5619A198EE90D00D33E2B;
			productRefGroup = 5EE561A4198EE90D00D33E2B /* Products */;
			projectDirPath = "";
			projectRoot = "";
			targets = (
				5EE561A2198EE90D00D33E2B /* GuessTheArtist */,
				5EE561C3198EE90D00D33E2B /* GuessTheArtistTests */,
			);
		};
/* End PBXProject section */

/* Begin PBXResourcesBuildPhase section */
		5EE561A1198EE90D00D33E2B /* Resources */ = {
			isa = PBXResourcesBuildPhase;
			buildActionMask = 2147483647;
			files = (
				5EE561BF198EE90D00D33E2B /* Images.xcassets in Resources */,
				5EE561B1198EE90D00D33E2B /* InfoPlist.strings in Resources */,
				5EE561BA198EE90D00D33E2B /* Main.storyboard in Resources */,
			);
			runOnlyForDeploymentPostprocessing = 0;
		};
		5EE561C2198EE90D00D33E2B /* Resources */ = {
			isa = PBXResourcesBuildPhase;
			buildActionMask = 2147483647;
			files = (
				5EE561D0198EE90E00D33E2B /* InfoPlist.strings in Resources */,
			);
			runOnlyForDeploymentPostprocessing = 0;
		};
/* End PBXResourcesBuildPhase section */

/* Begin PBXSourcesBuildPhase section */
		5EE5619F198EE90D00D33E2B /* Sources */ = {
			isa = PBXSourcesBuildPhase;
			buildActionMask = 2147483647;
			files = (
				5EE561B3198EE90D00D33E2B /* main.m in Sources */,
				5EE561BD198EE90D00D33E2B /* GTAViewController.m in Sources */,
				5EE561B7198EE90D00D33E2B /* GTAAppDelegate.m in Sources */,
			);
			runOnlyForDeploymentPostprocessing = 0;
		};
		5EE561C0198EE90D00D33E2B /* Sources */ = {
			isa = PBXSourcesBuildPhase;
			buildActionMask = 2147483647;
			files = (
				5EE561D2198EE90E00D33E2B /* GuessTheArtistTests.m in Sources */,
			);
			runOnlyForDeploymentPostprocessing = 0;
		};
/* End PBXSourcesBuildPhase section */

/* Begin PBXTargetDependency section */
		5EE561CA198EE90E00D33E2B /* PBXTargetDependency */ = {
			isa = PBXTargetDependency;
			target = 5EE561A2198EE90D00D33E2B /* GuessTheArtist */;
			targetProxy = 5EE561C9198EE90E00D33E2B /* PBXContainerItemProxy */;
		};
/* End PBXTargetDependency section */

/* Begin PBXVariantGroup section */
		5EE561AF198EE90D00D33E2B /* InfoPlist.strings */ = {
			isa = PBXVariantGroup;
			children = (
				5EE561B0198EE90D00D33E2B /* en */,
			);
			name = InfoPlist.strings;
			sourceTree = "<group>";
		};
		5EE561B8198EE90D00D33E2B /* Main.storyboard */ = {
			isa = PBXVariantGroup;
			children = (
				5EE561B9198EE90D00D33E2B /* Base */,
			);
			name = Main.storyboard;
			sourceTree = "<group>";
		};
		5EE561CE198EE90E00D33E2B /* InfoPlist.strings */ = {
			isa = PBXVariantGroup;
			children = (
				5EE561CF198EE90E00D33E2B /* en */,
			);
			name = InfoPlist.strings;
			sourceTree = "<group>";
		};
/* End PBXVariantGroup section */

/* Begin XCBuildConfiguration section */
		5EE561D3198EE90E00D33E2B /* Debug */ = {
			isa = XCBuildConfiguration;
			buildSettings = {
				ALWAYS_SEARCH_USER_PATHS = NO;
				CLANG_CXX_LANGUAGE_STANDARD = "gnu++0x";
				CLANG_CXX_LIBRARY = "libc++";
				CLANG_ENABLE_MODULES = YES;
				CLANG_ENABLE_OBJC_ARC = YES;
				CLANG_WARN_BOOL_CONVERSION = YES;
				CLANG_WARN_CONSTANT_CONVERSION = YES;
				CLANG_WARN_DIRECT_OBJC_ISA_USAGE = YES_ERROR;
				CLANG_WARN_EMPTY_BODY = YES;
				CLANG_WARN_ENUM_CONVERSION = YES;
				CLANG_WARN_INT_CONVERSION = YES;
				CLANG_WARN_OBJC_ROOT_CLASS = YES_ERROR;
				CLANG_WARN__DUPLICATE_METHOD_MATCH = YES;
				"CODE_SIGN_IDENTITY[sdk=iphoneos*]" = "iPhone Developer";
				COPY_PHASE_STRIP = NO;
				GCC_C_LANGUAGE_STANDARD = gnu99;
				GCC_DYNAMIC_NO_PIC = NO;
				GCC_OPTIMIZATION_LEVEL = 0;
				GCC_PREPROCESSOR_DEFINITIONS = (
					"DEBUG=1",
					"$(inherited)",
				);
				GCC_SYMBOLS_PRIVATE_EXTERN = NO;
				GCC_WARN_64_TO_32_BIT_CONVERSION = YES;
				GCC_WARN_ABOUT_RETURN_TYPE = YES_ERROR;
				GCC_WARN_UNDECLARED_SELECTOR = YES;
				GCC_WARN_UNINITIALIZED_AUTOS = YES_AGGRESSIVE;
				GCC_WARN_UNUSED_FUNCTION = YES;
				GCC_WARN_UNUSED_VARIABLE = YES;
				IPHONEOS_DEPLOYMENT_TARGET = 7.1;
				ONLY_ACTIVE_ARCH = YES;
				SDKROOT = iphoneos;
			};
			name = Debug;
		};
		5EE561D4198EE90E00D33E2B /* Release */ = {
			isa = XCBuildConfiguration;
			buildSettings = {
				ALWAYS_SEARCH_USER_PATHS = NO;
				CLANG_CXX_LANGUAGE_STANDARD = "gnu++0x";
				CLANG_CXX_LIBRARY = "libc++";
				CLANG_ENABLE_MODULES = YES;
				CLANG_ENABLE_OBJC_ARC = YES;
				CLANG_WARN_BOOL_CONVERSION = YES;
				CLANG_WARN_CONSTANT_CONVERSION = YES;
				CLANG_WARN_DIRECT_OBJC_ISA_USAGE = YES_ERROR;
				CLANG_WARN_EMPTY_BODY = YES;
				CLANG_WARN_ENUM_CONVERSION = YES;
				CLANG_WARN_INT_CONVERSION = YES;
				CLANG_WARN_OBJC_ROOT_CLASS = YES_ERROR;
				CLANG_WARN__DUPLICATE_METHOD_MATCH = YES;
				"CODE_SIGN_IDENTITY[sdk=iphoneos*]" = "iPhone Developer";
				COPY_PHASE_STRIP = YES;
				ENABLE_NS_ASSERTIONS = NO;
				GCC_C_LANGUAGE_STANDARD = gnu99;
				GCC_WARN_64_TO_32_BIT_CONVERSION = YES;
				GCC_WARN_ABOUT_RETURN_TYPE = YES_ERROR;
				GCC_WARN_UNDECLARED_SELECTOR = YES;
				GCC_WARN_UNINITIALIZED_AUTOS = YES_AGGRESSIVE;
				GCC_WARN_UNUSED_FUNCTION = YES;
				GCC_WARN_UNUSED_VARIABLE = YES;
				IPHONEOS_DEPLOYMENT_TARGET = 7.1;
				SDKROOT = iphoneos;
				VALIDATE_PRODUCT = YES;
			};
			name = Release;
		};
		5EE561D6198EE90E00D33E2B /* Debug */ = {
			isa = XCBuildConfiguration;
			buildSettings = {
				ASSETCATALOG_COMPILER_APPICON_NAME = AppIcon;
				ASSETCATALOG_COMPILER_LAUNCHIMAGE_NAME = LaunchImage;
				GCC_PRECOMPILE_PREFIX_HEADER = YES;
				GCC_PREFIX_HEADER = "GuessTheArtist/GuessTheArtist-Prefix.pch";
				INFOPLIST_FILE = "GuessTheArtist/GuessTheArtist-Info.plist";
				PRODUCT_NAME = "$(TARGET_NAME)";
				WRAPPER_EXTENSION = app;
			};
			name = Debug;
		};
		5EE561D7198EE90E00D33E2B /* Release */ = {
			isa = XCBuildConfiguration;
			buildSettings = {
				ASSETCATALOG_COMPILER_APPICON_NAME = AppIcon;
				ASSETCATALOG_COMPILER_LAUNCHIMAGE_NAME = LaunchImage;
				GCC_PRECOMPILE_PREFIX_HEADER = YES;
				GCC_PREFIX_HEADER = "GuessTheArtist/GuessTheArtist-Prefix.pch";
				INFOPLIST_FILE = "GuessTheArtist/GuessTheArtist-Info.plist";
				PRODUCT_NAME = "$(TARGET_NAME)";
				WRAPPER_EXTENSION = app;
			};
			name = Release;
		};
		5EE561D9198EE90E00D33E2B /* Debug */ = {
			isa = XCBuildConfiguration;
			buildSettings = {
				BUNDLE_LOADER = "$(BUILT_PRODUCTS_DIR)/GuessTheArtist.app/GuessTheArtist";
				FRAMEWORK_SEARCH_PATHS = (
					"$(SDKROOT)/Developer/Library/Frameworks",
					"$(inherited)",
					"$(DEVELOPER_FRAMEWORKS_DIR)",
				);
				GCC_PRECOMPILE_PREFIX_HEADER = YES;
				GCC_PREFIX_HEADER = "GuessTheArtist/GuessTheArtist-Prefix.pch";
				GCC_PREPROCESSOR_DEFINITIONS = (
					"DEBUG=1",
					"$(inherited)",
				);
				INFOPLIST_FILE = "GuessTheArtistTests/GuessTheArtistTests-Info.plist";
				PRODUCT_NAME = "$(TARGET_NAME)";
				TEST_HOST = "$(BUNDLE_LOADER)";
				WRAPPER_EXTENSION = xctest;
			};
			name = Debug;
		};
		5EE561DA198EE90E00D33E2B /* Release */ = {
			isa = XCBuildConfiguration;
			buildSettings = {
				BUNDLE_LOADER = "$(BUILT_PRODUCTS_DIR)/GuessTheArtist.app/GuessTheArtist";
				FRAMEWORK_SEARCH_PATHS = (
					"$(SDKROOT)/Developer/Library/Frameworks",
					"$(inherited)",
					"$(DEVELOPER_FRAMEWORKS_DIR)",
				);
				GCC_PRECOMPILE_PREFIX_HEADER = YES;
				GCC_PREFIX_HEADER = "GuessTheArtist/GuessTheArtist-Prefix.pch";
				INFOPLIST_FILE = "GuessTheArtistTests/GuessTheArtistTests-Info.plist";
				PRODUCT_NAME = "$(TARGET_NAME)";
				TEST_HOST = "$(BUNDLE_LOADER)";
				WRAPPER_EXTENSION = xctest;
			};
			name = Release;
		};
/* End XCBuildConfiguration section */

/* Begin XCConfigurationList section */
		5EE5619E198EE90D00D33E2B /* Build configuration list for PBXProject "GuessTheArtist" */ = {
			isa = XCConfigurationList;
			buildConfigurations = (
				5EE561D3198EE90E00D33E2B /* Debug */,
				5EE561D4198EE90E00D33E2B /* Release */,
			);
			defaultConfigurationIsVisible = 0;
			defaultConfigurationName = Release;
		};
		5EE561D5198EE90E00D33E2B /* Build configuration list for PBXNativeTarget "GuessTheArtist" */ = {
			isa = XCConfigurationList;
			buildConfigurations = (
				5EE561D6198EE90E00D33E2B /* Debug */,
				5EE561D7198EE90E00D33E2B /* Release */,
			);
			defaultConfigurationIsVisible = 0;
		};
		5EE561D8198EE90E00D33E2B /* Build configuration list for PBXNativeTarget "GuessTheArtistTests" */ = {
			isa = XCConfigurationList;
			buildConfigurations = (
				5EE561D9198EE90E00D33E2B /* Debug */,
				5EE561DA198EE90E00D33E2B /* Release */,
			);
			defaultConfigurationIsVisible = 0;
		};
/* End XCConfigurationList section */
	};
	rootObject = 5EE5619B198EE90D00D33E2B /* Project object */;
}
